
Microsoft Visual Studio Solution File, Format Version 12.00
# Visual Studio Version 16
VisualStudioVersion = 16.0.31129.286
MinimumVisualStudioVersion = 10.0.40219.1
Project("{FAE04EC0-301F-11D3-BF4B-00C04F79EFBC}") = "firstProject", "firstProject\firstProject.csproj", "{F6A76132-F537-45B4-81A5-923C55942948}"
EndProject
Global
	GlobalSection(SolutionConfigurationPlatforms) = preSolution
		Debug|Any CPU = Debug|Any CPU
		Release|Any CPU = Release|Any CPU
	EndGlobalSection
	GlobalSection(ProjectConfigurationPlatforms) = postSolution
		{F6A76132-F537-45B4-81A5-923C55942948}.Debug|Any CPU.ActiveCfg = Debug|Any CPU
		{F6A76132-F537-45B4-81A5-923C55942948}.Debug|Any CPU.Build.0 = Debug|Any CPU
		{F6A76132-F537-45B4-81A5-923C55942948}.Release|Any CPU.ActiveCfg = Release|Any CPU
		{F6A76132-F537-45B4-81A5-923C55942948}.Release|Any CPU.Build.0 = Release|Any CPU
	EndGlobalSection
	GlobalSection(SolutionProperties) = preSolution
		HideSolutionNode = FALSE
	EndGlobalSection
	GlobalSection(ExtensibilityGlobals) = postSolution
		SolutionGuid = {5C57D818-6BC6-4B64-B2AD-62AAE2D9846F}
	EndGlobalSection
EndGlobal
